github.com/chetanshivaji/g v0.0.0-20221214041207-abe7d815fe2a h1:52JWphThkjp3L89DGARoo9gwgmhwPqtL23t4jGvlepY=
github.com/chetanshivaji/g v0.0.0-20221214041207-abe7d815fe2a/go.mod h1:+pZ/P/FDVi6hy83Bbb1Aywqbj5NkS/qwKwcNQNFt6jo=
github.com/chetanshivaji/g v0.2.2 h1:MWhU3zsHJfrCMzca6fDoEkA0aqndBtudJmnmxZ+eLmg=
github.com/chetanshivaji/g v0.2.2/go.mod h1:+pZ/P/FDVi6hy83Bbb1Aywqbj5NkS/qwKwcNQNFt6jo=
github.com/chetanshivaji/n v0.1.2 h1:KA/3GcFlaM2NIOAuBbL54z2cbcTnWDC3xEM0KO7WcwQ=
github.com/chetanshivaji/n v0.1.2/go.mod h1:9+4eC20VoC0MK5ky84D3sdtcG/fpPjdcRdAiJ7/wCDo=
