github.com/chetanshivaji/g v0.0.0-20221213151612-99f08c80153f h1:HjmAu2O5+zpfxBhl7gNvZmiwwqdMWLsOcOIB8jf6lQ8=
github.com/chetanshivaji/g v0.0.0-20221213151612-99f08c80153f/go.mod h1:9gA4srEOvbEGoCmjTfIujj8oWybIJVUL2lokV92XMFw=
github.com/chetanshivaji/g v0.0.0-20221213153823-07a8c3241976 h1:dKgIjAWxT6Lq001IXihi8qi7sIF/uiwdfyBqZa5lRdA=
github.com/chetanshivaji/g v0.0.0-20221213153823-07a8c3241976/go.mod h1:I90sn1hFGjX9M4SyTQ26qMt7ryhgAGmFuDIXnCa2RYs=
github.com/chetanshivaji/g v0.0.0-20221213161216-c579f6a2e192 h1:cMs142iiZgx3o8Yt+Qwy8e/F13PzEUKv79Qgs2igBr0=
github.com/chetanshivaji/g v0.0.0-20221213161216-c579f6a2e192/go.mod h1:nNFG8PcDZGEbYNEzJTH4eQrFqwlq2k+l4j0hzRg+XjA=
github.com/chetanshivaji/m v0.1.2-0.20221213144955-1a16e8e3d9f3 h1:TpgJu65zsOawXHVE8Y4JBR4f55KRtJ0bT9HEH8iwzNc=
github.com/chetanshivaji/m v0.1.2-0.20221213144955-1a16e8e3d9f3/go.mod h1:pADZXnNfICyeGJrYrNlpgPwMuD9IzYOpclneiON55FE=
github.com/chetanshivaji/m v0.1.2-0.20221213160354-a36ba18e5fe0 h1:3D51h+h2/iRzTOn6s2qqN0p1Li7tU7trBjqMqFDOzeM=
github.com/chetanshivaji/m v0.1.2-0.20221213160354-a36ba18e5fe0/go.mod h1:pADZXnNfICyeGJrYrNlpgPwMuD9IzYOpclneiON55FE=
github.com/chetanshivaji/n v0.0.1 h1:/QuocfaKtA5eOusGSth547YziJzz+SdvLQy6cddbhOs=
github.com/chetanshivaji/n v0.0.1/go.mod h1:9+4eC20VoC0MK5ky84D3sdtcG/fpPjdcRdAiJ7/wCDo=
github.com/chetanshivaji/n v0.1.2 h1:KA/3GcFlaM2NIOAuBbL54z2cbcTnWDC3xEM0KO7WcwQ=
github.com/chetanshivaji/n v0.1.2/go.mod h1:9+4eC20VoC0MK5ky84D3sdtcG/fpPjdcRdAiJ7/wCDo=
